
Microsoft Visual Studio Solution File, Format Version 12.00
# Visual Studio Version 17
VisualStudioVersion = 17.10.34928.147
MinimumVisualStudioVersion = 10.0.40219.1
Project("{FAE04EC0-301F-11D3-BF4B-00C04F79EFBC}") = "TravelUpdate", "TravelUpdate\TravelUpdate.csproj", "{A2EF9688-F405-46EA-90AB-D3D1A7E49E49}"
EndProject
Global
	GlobalSection(SolutionConfigurationPlatforms) = preSolution
		Debug|Any CPU = Debug|Any CPU
		Release|Any CPU = Release|Any CPU
	EndGlobalSection
	GlobalSection(ProjectConfigurationPlatforms) = postSolution
		{A2EF9688-F405-46EA-90AB-D3D1A7E49E49}.Debug|Any CPU.ActiveCfg = Debug|Any CPU
		{A2EF9688-F405-46EA-90AB-D3D1A7E49E49}.Debug|Any CPU.Build.0 = Debug|Any CPU
		{A2EF9688-F405-46EA-90AB-D3D1A7E49E49}.Release|Any CPU.ActiveCfg = Release|Any CPU
		{A2EF9688-F405-46EA-90AB-D3D1A7E49E49}.Release|Any CPU.Build.0 = Release|Any CPU
	EndGlobalSection
	GlobalSection(SolutionProperties) = preSolution
		HideSolutionNode = FALSE
	EndGlobalSection
	GlobalSection(ExtensibilityGlobals) = postSolution
		SolutionGuid = {91A5B079-D675-4417-8592-F5E7E91F1370}
	EndGlobalSection
EndGlobal
